
Microsoft Visual Studio Solution File, Format Version 12.00
# Visual Studio 15
VisualStudioVersion = 15.0.28307.168
MinimumVisualStudioVersion = 10.0.40219.1
Project("{FAE04EC0-301F-11D3-BF4B-00C04F79EFBC}") = "c0725563-assign5", "c0725563-assign5\c0725563-assign5.csproj", "{ED9B8397-F637-4765-B78C-575101C71F27}"
EndProject
Global
	GlobalSection(SolutionConfigurationPlatforms) = preSolution
		Debug|Any CPU = Debug|Any CPU
		Release|Any CPU = Release|Any CPU
	EndGlobalSection
	GlobalSection(ProjectConfigurationPlatforms) = postSolution
		{ED9B8397-F637-4765-B78C-575101C71F27}.Debug|Any CPU.ActiveCfg = Debug|Any CPU
		{ED9B8397-F637-4765-B78C-575101C71F27}.Debug|Any CPU.Build.0 = Debug|Any CPU
		{ED9B8397-F637-4765-B78C-575101C71F27}.Release|Any CPU.ActiveCfg = Release|Any CPU
		{ED9B8397-F637-4765-B78C-575101C71F27}.Release|Any CPU.Build.0 = Release|Any CPU
	EndGlobalSection
	GlobalSection(SolutionProperties) = preSolution
		HideSolutionNode = FALSE
	EndGlobalSection
	GlobalSection(ExtensibilityGlobals) = postSolution
		SolutionGuid = {7CEF70D7-DB67-4CA6-91D1-477044BCACDC}
	EndGlobalSection
EndGlobal
